
Microsoft Visual Studio Solution File, Format Version 12.00
# Visual Studio Version 16
VisualStudioVersion = 16.0.31624.102
MinimumVisualStudioVersion = 10.0.40219.1
Project("{FAE04EC0-301F-11D3-BF4B-00C04F79EFBC}") = "Trial-Everywhere", "Trial-Everywhere\Trial-Everywhere.csproj", "{30C5AB48-08CD-41D5-BE54-A5622DB828C0}"
EndProject
Global
	GlobalSection(SolutionConfigurationPlatforms) = preSolution
		Debug|Any CPU = Debug|Any CPU
		Release|Any CPU = Release|Any CPU
	EndGlobalSection
	GlobalSection(ProjectConfigurationPlatforms) = postSolution
		{30C5AB48-08CD-41D5-BE54-A5622DB828C0}.Debug|Any CPU.ActiveCfg = Debug|Any CPU
		{30C5AB48-08CD-41D5-BE54-A5622DB828C0}.Debug|Any CPU.Build.0 = Debug|Any CPU
		{30C5AB48-08CD-41D5-BE54-A5622DB828C0}.Release|Any CPU.ActiveCfg = Release|Any CPU
		{30C5AB48-08CD-41D5-BE54-A5622DB828C0}.Release|Any CPU.Build.0 = Release|Any CPU
	EndGlobalSection
	GlobalSection(SolutionProperties) = preSolution
		HideSolutionNode = FALSE
	EndGlobalSection
	GlobalSection(ExtensibilityGlobals) = postSolution
		SolutionGuid = {ABB496C1-9E7E-48C8-8F01-7F78A3AA0C7F}
	EndGlobalSection
EndGlobal
